
Microsoft Visual Studio Solution File, Format Version 12.00
# Visual Studio Express 14 for Windows Desktop
VisualStudioVersion = 14.0.25420.1
MinimumVisualStudioVersion = 10.0.40219.1
Project("{FAE04EC0-301F-11D3-BF4B-00C04F79EFBC}") = "BinaryUtil.Examples.ByteBuffer", "BinaryUtil.Examples.ByteBuffer\BinaryUtil.Examples.ByteBuffer.csproj", "{6B505DE0-3F55-4DF6-B375-02B567618F6B}"
EndProject
Project("{FAE04EC0-301F-11D3-BF4B-00C04F79EFBC}") = "BinaryUtil", "..\src\BinaryUtil\BinaryUtil.csproj", "{02A34C38-C917-402B-AC52-2FFDD5E55A98}"
EndProject
Global
	GlobalSection(SolutionConfigurationPlatforms) = preSolution
		Debug|Any CPU = Debug|Any CPU
		Release|Any CPU = Release|Any CPU
	EndGlobalSection
	GlobalSection(ProjectConfigurationPlatforms) = postSolution
		{6B505DE0-3F55-4DF6-B375-02B567618F6B}.Debug|Any CPU.ActiveCfg = Debug|Any CPU
		{6B505DE0-3F55-4DF6-B375-02B567618F6B}.Debug|Any CPU.Build.0 = Debug|Any CPU
		{6B505DE0-3F55-4DF6-B375-02B567618F6B}.Release|Any CPU.ActiveCfg = Release|Any CPU
		{6B505DE0-3F55-4DF6-B375-02B567618F6B}.Release|Any CPU.Build.0 = Release|Any CPU
		{02A34C38-C917-402B-AC52-2FFDD5E55A98}.Debug|Any CPU.ActiveCfg = Debug|Any CPU
		{02A34C38-C917-402B-AC52-2FFDD5E55A98}.Debug|Any CPU.Build.0 = Debug|Any CPU
		{02A34C38-C917-402B-AC52-2FFDD5E55A98}.Release|Any CPU.ActiveCfg = Release|Any CPU
		{02A34C38-C917-402B-AC52-2FFDD5E55A98}.Release|Any CPU.Build.0 = Release|Any CPU
	EndGlobalSection
	GlobalSection(SolutionProperties) = preSolution
		HideSolutionNode = FALSE
	EndGlobalSection
EndGlobal
